
Microsoft Visual Studio Solution File, Format Version 12.00
# Visual Studio Version 16
VisualStudioVersion = 16.0.35229.62
MinimumVisualStudioVersion = 10.0.40219.1
Project("{888888A0-9F3D-457C-B088-3A5042F75D52}") = "blogs2", "blogs2.pyproj", "{58746936-C07D-4257-83D2-FB2768E782EA}"
EndProject
Global
	GlobalSection(SolutionConfigurationPlatforms) = preSolution
		Debug|Any CPU = Debug|Any CPU
		Release|Any CPU = Release|Any CPU
	EndGlobalSection
	GlobalSection(ProjectConfigurationPlatforms) = postSolution
		{58746936-C07D-4257-83D2-FB2768E782EA}.Debug|Any CPU.ActiveCfg = Debug|Any CPU
		{58746936-C07D-4257-83D2-FB2768E782EA}.Debug|Any CPU.Build.0 = Debug|Any CPU
		{58746936-C07D-4257-83D2-FB2768E782EA}.Release|Any CPU.ActiveCfg = Release|Any CPU
		{58746936-C07D-4257-83D2-FB2768E782EA}.Release|Any CPU.Build.0 = Release|Any CPU
	EndGlobalSection
	GlobalSection(SolutionProperties) = preSolution
		HideSolutionNode = FALSE
	EndGlobalSection
	GlobalSection(ExtensibilityGlobals) = postSolution
		SolutionGuid = {A4A81982-9EED-4BC3-A159-EEF522112663}
	EndGlobalSection
EndGlobal
